
Microsoft Visual Studio Solution File, Format Version 12.00
# Visual Studio 15
VisualStudioVersion = 15.0.26430.13
MinimumVisualStudioVersion = 10.0.40219.1
Project("{FAE04EC0-301F-11D3-BF4B-00C04F79EFBC}") = "Discord_Bot", "Discord_Bot\Discord_Bot.csproj", "{D2F50212-F9D7-4B4F-94AA-C11079EFFD57}"
EndProject
Project("{2150E333-8FDC-42A3-9474-1A3956D46DE8}") = "Solution Items", "Solution Items", "{7CA55240-B99B-4938-81F5-A33F1DF09CDF}"
	ProjectSection(SolutionItems) = preProject
		Script1.js = Script1.js
		TextFile1.txt = TextFile1.txt
	EndProjectSection
EndProject
Global
	GlobalSection(SolutionConfigurationPlatforms) = preSolution
		Debug|Any CPU = Debug|Any CPU
		Release|Any CPU = Release|Any CPU
	EndGlobalSection
	GlobalSection(ProjectConfigurationPlatforms) = postSolution
		{D2F50212-F9D7-4B4F-94AA-C11079EFFD57}.Debug|Any CPU.ActiveCfg = Debug|Any CPU
		{D2F50212-F9D7-4B4F-94AA-C11079EFFD57}.Debug|Any CPU.Build.0 = Debug|Any CPU
		{D2F50212-F9D7-4B4F-94AA-C11079EFFD57}.Release|Any CPU.ActiveCfg = Release|Any CPU
		{D2F50212-F9D7-4B4F-94AA-C11079EFFD57}.Release|Any CPU.Build.0 = Release|Any CPU
	EndGlobalSection
	GlobalSection(SolutionProperties) = preSolution
		HideSolutionNode = FALSE
	EndGlobalSection
EndGlobal
